
Microsoft Visual Studio Solution File, Format Version 12.00
# Visual Studio Version 16
VisualStudioVersion = 16.0.29806.167
MinimumVisualStudioVersion = 10.0.40219.1
Project("{9A19103F-16F7-4668-BE54-9A1E7A4F7556}") = "Library.API", "Library.API\Library.API.csproj", "{19190E23-7648-429F-9381-1509863790CB}"
EndProject
Project("{FAE04EC0-301F-11D3-BF4B-00C04F79EFBC}") = "Library.Application", "Library.Application\Library.Application.csproj", "{0B27E7D8-AC39-401B-A12E-6824A63D1EDB}"
EndProject
Project("{FAE04EC0-301F-11D3-BF4B-00C04F79EFBC}") = "Library.Domain", "Library.Domain\Library.Domain.csproj", "{6FA61FA5-9C95-4C40-B861-593271C69169}"
EndProject
Project("{FAE04EC0-301F-11D3-BF4B-00C04F79EFBC}") = "Library.Infrastructure", "Library.Infrastructure\Library.Infrastructure.csproj", "{9C3616E8-A4D2-4362-A862-F2CE8865951C}"
EndProject
Global
	GlobalSection(SolutionConfigurationPlatforms) = preSolution
		Debug|Any CPU = Debug|Any CPU
		Release|Any CPU = Release|Any CPU
	EndGlobalSection
	GlobalSection(ProjectConfigurationPlatforms) = postSolution
		{19190E23-7648-429F-9381-1509863790CB}.Debug|Any CPU.ActiveCfg = Debug|Any CPU
		{19190E23-7648-429F-9381-1509863790CB}.Debug|Any CPU.Build.0 = Debug|Any CPU
		{19190E23-7648-429F-9381-1509863790CB}.Release|Any CPU.ActiveCfg = Release|Any CPU
		{19190E23-7648-429F-9381-1509863790CB}.Release|Any CPU.Build.0 = Release|Any CPU
		{0B27E7D8-AC39-401B-A12E-6824A63D1EDB}.Debug|Any CPU.ActiveCfg = Debug|Any CPU
		{0B27E7D8-AC39-401B-A12E-6824A63D1EDB}.Debug|Any CPU.Build.0 = Debug|Any CPU
		{0B27E7D8-AC39-401B-A12E-6824A63D1EDB}.Release|Any CPU.ActiveCfg = Release|Any CPU
		{0B27E7D8-AC39-401B-A12E-6824A63D1EDB}.Release|Any CPU.Build.0 = Release|Any CPU
		{6FA61FA5-9C95-4C40-B861-593271C69169}.Debug|Any CPU.ActiveCfg = Debug|Any CPU
		{6FA61FA5-9C95-4C40-B861-593271C69169}.Debug|Any CPU.Build.0 = Debug|Any CPU
		{6FA61FA5-9C95-4C40-B861-593271C69169}.Release|Any CPU.ActiveCfg = Release|Any CPU
		{6FA61FA5-9C95-4C40-B861-593271C69169}.Release|Any CPU.Build.0 = Release|Any CPU
		{9C3616E8-A4D2-4362-A862-F2CE8865951C}.Debug|Any CPU.ActiveCfg = Debug|Any CPU
		{9C3616E8-A4D2-4362-A862-F2CE8865951C}.Debug|Any CPU.Build.0 = Debug|Any CPU
		{9C3616E8-A4D2-4362-A862-F2CE8865951C}.Release|Any CPU.ActiveCfg = Release|Any CPU
		{9C3616E8-A4D2-4362-A862-F2CE8865951C}.Release|Any CPU.Build.0 = Release|Any CPU
	EndGlobalSection
	GlobalSection(SolutionProperties) = preSolution
		HideSolutionNode = FALSE
	EndGlobalSection
	GlobalSection(ExtensibilityGlobals) = postSolution
		SolutionGuid = {09CE0A8A-286D-478A-9D29-3D92AB8E3D1D}
	EndGlobalSection
EndGlobal
